
Microsoft Visual Studio Solution File, Format Version 12.00
# Visual Studio 15
VisualStudioVersion = 15.0.28307.1684
MinimumVisualStudioVersion = 10.0.40219.1
Project("{FAE04EC0-301F-11D3-BF4B-00C04F79EFBC}") = "TravelManagement", "TravelManagement\TravelManagement.csproj", "{EBD6F974-702B-4DE4-83F8-C9FF567B0D77}"
EndProject
Global
	GlobalSection(SolutionConfigurationPlatforms) = preSolution
		Debug|Any CPU = Debug|Any CPU
		Release|Any CPU = Release|Any CPU
	EndGlobalSection
	GlobalSection(ProjectConfigurationPlatforms) = postSolution
		{EBD6F974-702B-4DE4-83F8-C9FF567B0D77}.Debug|Any CPU.ActiveCfg = Debug|Any CPU
		{EBD6F974-702B-4DE4-83F8-C9FF567B0D77}.Debug|Any CPU.Build.0 = Debug|Any CPU
		{EBD6F974-702B-4DE4-83F8-C9FF567B0D77}.Release|Any CPU.ActiveCfg = Release|Any CPU
		{EBD6F974-702B-4DE4-83F8-C9FF567B0D77}.Release|Any CPU.Build.0 = Release|Any CPU
	EndGlobalSection
	GlobalSection(SolutionProperties) = preSolution
		HideSolutionNode = FALSE
	EndGlobalSection
	GlobalSection(ExtensibilityGlobals) = postSolution
		SolutionGuid = {9B661F76-17B7-4033-9911-EBF83834F12D}
	EndGlobalSection
EndGlobal
